// !$*UTF8*$!
{
	archiveVersion = 1;
	classes = {
	};
	objectVersion = 50;
	objects = {

/* Begin PBXBuildFile section */
		056CE0882384EA6A00CCA0E2 /* AppDelegate.swift in Sources */ = {isa = PBXBuildFile; fileRef = 056CE0872384EA6A00CCA0E2 /* AppDelegate.swift */; };
		056CE08A2384EA6A00CCA0E2 /* ViewController.swift in Sources */ = {isa = PBXBuildFile; fileRef = 056CE0892384EA6A00CCA0E2 /* ViewController.swift */; };
		056CE08D2384EA6A00CCA0E2 /* Main.storyboard in Resources */ = {isa = PBXBuildFile; fileRef = 056CE08B2384EA6A00CCA0E2 /* Main.storyboard */; };
		056CE08F2384EA6B00CCA0E2 /* Assets.xcassets in Resources */ = {isa = PBXBuildFile; fileRef = 056CE08E2384EA6B00CCA0E2 /* Assets.xcassets */; };
		056CE0922384EA6B00CCA0E2 /* LaunchScreen.storyboard in Resources */ = {isa = PBXBuildFile; fileRef = 056CE0902384EA6B00CCA0E2 /* LaunchScreen.storyboard */; };
		056CE09A2384EC3D00CCA0E2 /* TableViewCell.swift in Sources */ = {isa = PBXBuildFile; fileRef = 056CE0992384EC3D00CCA0E2 /* TableViewCell.swift */; };
		056CE09C2384F12000CCA0E2 /* questionList.plist in Resources */ = {isa = PBXBuildFile; fileRef = 056CE09B2384F12000CCA0E2 /* questionList.plist */; };
		056CE09E238511CE00CCA0E2 /* image.swift in Sources */ = {isa = PBXBuildFile; fileRef = 056CE09D238511CE00CCA0E2 /* image.swift */; };
		056CE0A02385121100CCA0E2 /* ques.swift in Sources */ = {isa = PBXBuildFile; fileRef = 056CE09F2385121100CCA0E2 /* ques.swift */; };
/* End PBXBuildFile section */

/* Begin PBXFileReference section */
		056CE0842384EA6A00CCA0E2 /* try3.app */ = {isa = PBXFileReference; explicitFileType = wrapper.application; includeInIndex = 0; path = try3.app; sourceTree = BUILT_PRODUCTS_DIR; };
		056CE0872384EA6A00CCA0E2 /* AppDelegate.swift */ = {isa = PBXFileReference; lastKnownFileType = sourcecode.swift; path = AppDelegate.swift; sourceTree = "<group>"; };
		056CE0892384EA6A00CCA0E2 /* ViewController.swift */ = {isa = PBXFileReference; lastKnownFileType = sourcecode.swift; path = ViewController.swift; sourceTree = "<group>"; };
		056CE08C2384EA6A00CCA0E2 /* Base */ = {isa = PBXFileReference; lastKnownFileType = file.storyboard; name = Base; path = Base.lproj/Main.storyboard; sourceTree = "<group>"; };
		056CE08E2384EA6B00CCA0E2 /* Assets.xcassets */ = {isa = PBXFileReference; lastKnownFileType = folder.assetcatalog; path = Assets.xcassets; sourceTree = "<group>"; };
		056CE0912384EA6B00CCA0E2 /* Base */ = {isa = PBXFileReference; lastKnownFileType = file.storyboard; name = Base; path = Base.lproj/LaunchScreen.storyboard; sourceTree = "<group>"; };
		056CE0932384EA6B00CCA0E2 /* Info.plist */ = {isa = PBXFileReference; lastKnownFileType = text.plist.xml; path = Info.plist; sourceTree = "<group>"; };
		056CE0992384EC3D00CCA0E2 /* TableViewCell.swift */ = {isa = PBXFileReference; lastKnownFileType = sourcecode.swift; path = TableViewCell.swift; sourceTree = "<group>"; };
		056CE09B2384F12000CCA0E2 /* questionList.plist */ = {isa = PBXFileReference; fileEncoding = 4; lastKnownFileType = text.plist.xml; path = questionList.plist; sourceTree = "<group>"; };
		056CE09D238511CE00CCA0E2 /* image.swift */ = {isa = PBXFileReference; lastKnownFileType = sourcecode.swift; path = image.swift; sourceTree = "<group>"; };
		056CE09F2385121100CCA0E2 /* ques.swift */ = {isa = PBXFileReference; lastKnownFileType = sourcecode.swift; path = ques.swift; sourceTree = "<group>"; };
/* End PBXFileReference section */

/* Begin PBXFrameworksBuildPhase section */
		056CE0812384EA6A00CCA0E2 /* Frameworks */ = {
			isa = PBXFrameworksBuildPhase;
			buildActionMask = 2147483647;
			files = (
			);
			runOnlyForDeploymentPostprocessing = 0;
		};
/* End PBXFrameworksBuildPhase section */

/* Begin PBXGroup section */
		056CE07B2384EA6A00CCA0E2 = {
			isa = PBXGroup;
			children = (
				056CE0862384EA6A00CCA0E2 /* try3 */,
				056CE0852384EA6A00CCA0E2 /* Products */,
			);
			sourceTree = "<group>";
		};
		056CE0852384EA6A00CCA0E2 /* Products */ = {
			isa = PBXGroup;
			children = (
				056CE0842384EA6A00CCA0E2 /* try3.app */,
			);
			name = Products;
			sourceTree = "<group>";
		};
		056CE0862384EA6A00CCA0E2 /* try3 */ = {
			isa = PBXGroup;
			children = (
				056CE0872384EA6A00CCA0E2 /* AppDelegate.swift */,
				056CE0892384EA6A00CCA0E2 /* ViewController.swift */,
				056CE08B2384EA6A00CCA0E2 /* Main.storyboard */,
				056CE08E2384EA6B00CCA0E2 /* Assets.xcassets */,
				056CE0902384EA6B00CCA0E2 /* LaunchScreen.storyboard */,
				056CE0932384EA6B00CCA0E2 /* Info.plist */,
				056CE0992384EC3D00CCA0E2 /* TableViewCell.swift */,
				056CE09B2384F12000CCA0E2 /* questionList.plist */,
				056CE09D238511CE00CCA0E2 /* image.swift */,
				056CE09F2385121100CCA0E2 /* ques.swift */,
			);
			path = try3;
			sourceTree = "<group>";
		};
/* End PBXGroup section */

/* Begin PBXNativeTarget section */
		056CE0832384EA6A00CCA0E2 /* try3 */ = {
			isa = PBXNativeTarget;
			buildConfigurationList = 056CE0962384EA6B00CCA0E2 /* Build configuration list for PBXNativeTarget "try3" */;
			buildPhases = (
				056CE0802384EA6A00CCA0E2 /* Sources */,
				056CE0812384EA6A00CCA0E2 /* Frameworks */,
				056CE0822384EA6A00CCA0E2 /* Resources */,
			);
			buildRules = (
			);
			dependencies = (
			);
			name = try3;
			productName = try3;
			productReference = 056CE0842384EA6A00CCA0E2 /* try3.app */;
			productType = "com.apple.product-type.application";
		};
/* End PBXNativeTarget section */

/* Begin PBXProject section */
		056CE07C2384EA6A00CCA0E2 /* Project object */ = {
			isa = PBXProject;
			attributes = {
				LastSwiftUpdateCheck = 1000;
				LastUpgradeCheck = 1000;
				ORGANIZATIONNAME = Nimit;
				TargetAttributes = {
					056CE0832384EA6A00CCA0E2 = {
						CreatedOnToolsVersion = 10.0;
					};
				};
			};
			buildConfigurationList = 056CE07F2384EA6A00CCA0E2 /* Build configuration list for PBXProject "try3" */;
			compatibilityVersion = "Xcode 9.3";
			developmentRegion = en;
			hasScannedForEncodings = 0;
			knownRegions = (
				en,
				Base,
			);
			mainGroup = 056CE07B2384EA6A00CCA0E2;
			productRefGroup = 056CE0852384EA6A00CCA0E2 /* Products */;
			projectDirPath = "";
			projectRoot = "";
			targets = (
				056CE0832384EA6A00CCA0E2 /* try3 */,
			);
		};
/* End PBXProject section */

/* Begin PBXResourcesBuildPhase section */
		056CE0822384EA6A00CCA0E2 /* Resources */ = {
			isa = PBXResourcesBuildPhase;
			buildActionMask = 2147483647;
			files = (
				056CE09C2384F12000CCA0E2 /* questionList.plist in Resources */,
				056CE0922384EA6B00CCA0E2 /* LaunchScreen.storyboard in Resources */,
				056CE08F2384EA6B00CCA0E2 /* Assets.xcassets in Resources */,
				056CE08D2384EA6A00CCA0E2 /* Main.storyboard in Resources */,
			);
			runOnlyForDeploymentPostprocessing = 0;
		};
/* End PBXResourcesBuildPhase section */

/* Begin PBXSourcesBuildPhase section */
		056CE0802384EA6A00CCA0E2 /* Sources */ = {
			isa = PBXSourcesBuildPhase;
			buildActionMask = 2147483647;
			files = (
				056CE09A2384EC3D00CCA0E2 /* TableViewCell.swift in Sources */,
				056CE09E238511CE00CCA0E2 /* image.swift in Sources */,
				056CE08A2384EA6A00CCA0E2 /* ViewController.swift in Sources */,
				056CE0A02385121100CCA0E2 /* ques.swift in Sources */,
				056CE0882384EA6A00CCA0E2 /* AppDelegate.swift in Sources */,
			);
			runOnlyForDeploymentPostprocessing = 0;
		};
/* End PBXSourcesBuildPhase section */

/* Begin PBXVariantGroup section */
		056CE08B2384EA6A00CCA0E2 /* Main.storyboard */ = {
			isa = PBXVariantGroup;
			children = (
				056CE08C2384EA6A00CCA0E2 /* Base */,
			);
			name = Main.storyboard;
			sourceTree = "<group>";
		};
		056CE0902384EA6B00CCA0E2 /* LaunchScreen.storyboard */ = {
			isa = PBXVariantGroup;
			children = (
				056CE0912384EA6B00CCA0E2 /* Base */,
			);
			name = LaunchScreen.storyboard;
			sourceTree = "<group>";
		};
/* End PBXVariantGroup section */

/* Begin XCBuildConfiguration section */
		056CE0942384EA6B00CCA0E2 /* Debug */ = {
			isa = XCBuildConfiguration;
			buildSettings = {
				ALWAYS_SEARCH_USER_PATHS = NO;
				CLANG_ANALYZER_NONNULL = YES;
				CLANG_ANALYZER_NUMBER_OBJECT_CONVERSION = YES_AGGRESSIVE;
				CLANG_CXX_LANGUAGE_STANDARD = "gnu++14";
				CLANG_CXX_LIBRARY = "libc++";
				CLANG_ENABLE_MODULES = YES;
				CLANG_ENABLE_OBJC_ARC = YES;
				CLANG_ENABLE_OBJC_WEAK = YES;
				CLANG_WARN_BLOCK_CAPTURE_AUTORELEASING = YES;
				CLANG_WARN_BOOL_CONVERSION = YES;
				CLANG_WARN_COMMA = YES;
				CLANG_WARN_CONSTANT_CONVERSION = YES;
				CLANG_WARN_DEPRECATED_OBJC_IMPLEMENTATIONS = YES;
				CLANG_WARN_DIRECT_OBJC_ISA_USAGE = YES_ERROR;
				CLANG_WARN_DOCUMENTATION_COMMENTS = YES;
				CLANG_WARN_EMPTY_BODY = YES;
				CLANG_WARN_ENUM_CONVERSION = YES;
				CLANG_WARN_INFINITE_RECURSION = YES;
				CLANG_WARN_INT_CONVERSION = YES;
				CLANG_WARN_NON_LITERAL_NULL_CONVERSION = YES;
				CLANG_WARN_OBJC_IMPLICIT_RETAIN_SELF = YES;
				CLANG_WARN_OBJC_LITERAL_CONVERSION = YES;
				CLANG_WARN_OBJC_ROOT_CLASS = YES_ERROR;
				CLANG_WARN_RANGE_LOOP_ANALYSIS = YES;
				CLANG_WARN_STRICT_PROTOTYPES = YES;
				CLANG_WARN_SUSPICIOUS_MOVE = YES;
				CLANG_WARN_UNGUARDED_AVAILABILITY = YES_AGGRESSIVE;
				CLANG_WARN_UNREACHABLE_CODE = YES;
				CLANG_WARN__DUPLICATE_METHOD_MATCH = YES;
				CODE_SIGN_IDENTITY = "iPhone Developer";
				COPY_PHASE_STRIP = NO;
				DEBUG_INFORMATION_FORMAT = dwarf;
				ENABLE_STRICT_OBJC_MSGSEND = YES;
				ENABLE_TESTABILITY = YES;
				GCC_C_LANGUAGE_STANDARD = gnu11;
				GCC_DYNAMIC_NO_PIC = NO;
				GCC_NO_COMMON_BLOCKS = YES;
				GCC_OPTIMIZATION_LEVEL = 0;
				GCC_PREPROCESSOR_DEFINITIONS = (
					"DEBUG=1",
					"$(inherited)",
				);
				GCC_WARN_64_TO_32_BIT_CONVERSION = YES;
				GCC_WARN_ABOUT_RETURN_TYPE = YES_ERROR;
				GCC_WARN_UNDECLARED_SELECTOR = YES;
				GCC_WARN_UNINITIALIZED_AUTOS = YES_AGGRESSIVE;
				GCC_WARN_UNUSED_FUNCTION = YES;
				GCC_WARN_UNUSED_VARIABLE = YES;
				IPHONEOS_DEPLOYMENT_TARGET = 12.0;
				MTL_ENABLE_DEBUG_INFO = INCLUDE_SOURCE;
				MTL_FAST_MATH = YES;
				ONLY_ACTIVE_ARCH = YES;
				SDKROOT = iphoneos;
				SWIFT_ACTIVE_COMPILATION_CONDITIONS = DEBUG;
				SWIFT_OPTIMIZATION_LEVEL = "-Onone";
			};
			name = Debug;
		};
		056CE0952384EA6B00CCA0E2 /* Release */ = {
			isa = XCBuildConfiguration;
			buildSettings = {
				ALWAYS_SEARCH_USER_PATHS = NO;
				CLANG_ANALYZER_NONNULL = YES;
				CLANG_ANALYZER_NUMBER_OBJECT_CONVERSION = YES_AGGRESSIVE;
				CLANG_CXX_LANGUAGE_STANDARD = "gnu++14";
				CLANG_CXX_LIBRARY = "libc++";
				CLANG_ENABLE_MODULES = YES;
				CLANG_ENABLE_OBJC_ARC = YES;
				CLANG_ENABLE_OBJC_WEAK = YES;
				CLANG_WARN_BLOCK_CAPTURE_AUTORELEASING = YES;
				CLANG_WARN_BOOL_CONVERSION = YES;
				CLANG_WARN_COMMA = YES;
				CLANG_WARN_CONSTANT_CONVERSION = YES;
				CLANG_WARN_DEPRECATED_OBJC_IMPLEMENTATIONS = YES;
				CLANG_WARN_DIRECT_OBJC_ISA_USAGE = YES_ERROR;
				CLANG_WARN_DOCUMENTATION_COMMENTS = YES;
				CLANG_WARN_EMPTY_BODY = YES;
				CLANG_WARN_ENUM_CONVERSION = YES;
				CLANG_WARN_INFINITE_RECURSION = YES;
				CLANG_WARN_INT_CONVERSION = YES;
				CLANG_WARN_NON_LITERAL_NULL_CONVERSION = YES;
				CLANG_WARN_OBJC_IMPLICIT_RETAIN_SELF = YES;
				CLANG_WARN_OBJC_LITERAL_CONVERSION = YES;
				CLANG_WARN_OBJC_ROOT_CLASS = YES_ERROR;
				CLANG_WARN_RANGE_LOOP_ANALYSIS = YES;
				CLANG_WARN_STRICT_PROTOTYPES = YES;
				CLANG_WARN_SUSPICIOUS_MOVE = YES;
				CLANG_WARN_UNGUARDED_AVAILABILITY = YES_AGGRESSIVE;
				CLANG_WARN_UNREACHABLE_CODE = YES;
				CLANG_WARN__DUPLICATE_METHOD_MATCH = YES;
				CODE_SIGN_IDENTITY = "iPhone Developer";
				COPY_PHASE_STRIP = NO;
				DEBUG_INFORMATION_FORMAT = "dwarf-with-dsym";
				ENABLE_NS_ASSERTIONS = NO;
				ENABLE_STRICT_OBJC_MSGSEND = YES;
				GCC_C_LANGUAGE_STANDARD = gnu11;
				GCC_NO_COMMON_BLOCKS = YES;
				GCC_WARN_64_TO_32_BIT_CONVERSION = YES;
				GCC_WARN_ABOUT_RETURN_TYPE = YES_ERROR;
				GCC_WARN_UNDECLARED_SELECTOR = YES;
				GCC_WARN_UNINITIALIZED_AUTOS = YES_AGGRESSIVE;
				GCC_WARN_UNUSED_FUNCTION = YES;
				GCC_WARN_UNUSED_VARIABLE = YES;
				IPHONEOS_DEPLOYMENT_TARGET = 12.0;
				MTL_ENABLE_DEBUG_INFO = NO;
				MTL_FAST_MATH = YES;
				SDKROOT = iphoneos;
				SWIFT_COMPILATION_MODE = wholemodule;
				SWIFT_OPTIMIZATION_LEVEL = "-O";
				VALIDATE_PRODUCT = YES;
			};
			name = Release;
		};
		056CE0972384EA6B00CCA0E2 /* Debug */ = {
			isa = XCBuildConfiguration;
			buildSettings = {
				ASSETCATALOG_COMPILER_APPICON_NAME = AppIcon;
				CODE_SIGN_STYLE = Automatic;
				INFOPLIST_FILE = try3/Info.plist;
				LD_RUNPATH_SEARCH_PATHS = (
					"$(inherited)",
					"@executable_path/Frameworks",
				);
				PRODUCT_BUNDLE_IDENTIFIER = Nimit.mac.try3;
				PRODUCT_NAME = "$(TARGET_NAME)";
				SWIFT_VERSION = 4.2;
				TARGETED_DEVICE_FAMILY = "1,2";
			};
			name = Debug;
		};
		056CE0982384EA6B00CCA0E2 /* Release */ = {
			isa = XCBuildConfiguration;
			buildSettings = {
				ASSETCATALOG_COMPILER_APPICON_NAME = AppIcon;
				CODE_SIGN_STYLE = Automatic;
				INFOPLIST_FILE = try3/Info.plist;
				LD_RUNPATH_SEARCH_PATHS = (
					"$(inherited)",
					"@executable_path/Frameworks",
				);
				PRODUCT_BUNDLE_IDENTIFIER = Nimit.mac.try3;
				PRODUCT_NAME = "$(TARGET_NAME)";
				SWIFT_VERSION = 4.2;
				TARGETED_DEVICE_FAMILY = "1,2";
			};
			name = Release;
		};
/* End XCBuildConfiguration section */

/* Begin XCConfigurationList section */
		056CE07F2384EA6A00CCA0E2 /* Build configuration list for PBXProject "try3" */ = {
			isa = XCConfigurationList;
			buildConfigurations = (
				056CE0942384EA6B00CCA0E2 /* Debug */,
				056CE0952384EA6B00CCA0E2 /* Release */,
			);
			defaultConfigurationIsVisible = 0;
			defaultConfigurationName = Release;
		};
		056CE0962384EA6B00CCA0E2 /* Build configuration list for PBXNativeTarget "try3" */ = {
			isa = XCConfigurationList;
			buildConfigurations = (
				056CE0972384EA6B00CCA0E2 /* Debug */,
				056CE0982384EA6B00CCA0E2 /* Release */,
			);
			defaultConfigurationIsVisible = 0;
			defaultConfigurationName = Release;
		};
/* End XCConfigurationList section */
	};
	rootObject = 056CE07C2384EA6A00CCA0E2 /* Project object */;
}
